
Microsoft Visual Studio Solution File, Format Version 12.00
# Visual Studio Version 16
VisualStudioVersion = 16.0.32929.386
MinimumVisualStudioVersion = 10.0.40219.1
Project("{FAE04EC0-301F-11D3-BF4B-00C04F79EFBC}") = "CacheMemory", "CacheMemory.csproj", "{C767ABA1-41A6-4428-948F-184482F02B55}"
EndProject
Project("{FAE04EC0-301F-11D3-BF4B-00C04F79EFBC}") = "WriterKomp", "..\Writer\WriterKomp.csproj", "{330C882A-26BA-423F-90BB-80D4B492B260}"
EndProject
Project("{FAE04EC0-301F-11D3-BF4B-00C04F79EFBC}") = "DumpingBufferKomp", "..\DumpingBufferKomp\DumpingBufferKomp.csproj", "{A877A219-0287-42ED-9163-E2F26A58A2ED}"
EndProject
Project("{FAE04EC0-301F-11D3-BF4B-00C04F79EFBC}") = "HistoricalKomp", "..\HistoricalKomp\HistoricalKomp.csproj", "{919A47CE-02E4-41D8-9134-93648AD4936E}"
EndProject
Project("{FAE04EC0-301F-11D3-BF4B-00C04F79EFBC}") = "ReaderKomp", "..\ReaderKomp\ReaderKomp.csproj", "{FB23B876-76E6-4D3B-8493-4ADAA3C5B7DC}"
EndProject
Global
	GlobalSection(SolutionConfigurationPlatforms) = preSolution
		Debug|Any CPU = Debug|Any CPU
		Release|Any CPU = Release|Any CPU
	EndGlobalSection
	GlobalSection(ProjectConfigurationPlatforms) = postSolution
		{C767ABA1-41A6-4428-948F-184482F02B55}.Debug|Any CPU.ActiveCfg = Debug|Any CPU
		{C767ABA1-41A6-4428-948F-184482F02B55}.Debug|Any CPU.Build.0 = Debug|Any CPU
		{C767ABA1-41A6-4428-948F-184482F02B55}.Release|Any CPU.ActiveCfg = Release|Any CPU
		{C767ABA1-41A6-4428-948F-184482F02B55}.Release|Any CPU.Build.0 = Release|Any CPU
		{330C882A-26BA-423F-90BB-80D4B492B260}.Debug|Any CPU.ActiveCfg = Debug|Any CPU
		{330C882A-26BA-423F-90BB-80D4B492B260}.Debug|Any CPU.Build.0 = Debug|Any CPU
		{330C882A-26BA-423F-90BB-80D4B492B260}.Release|Any CPU.ActiveCfg = Release|Any CPU
		{330C882A-26BA-423F-90BB-80D4B492B260}.Release|Any CPU.Build.0 = Release|Any CPU
		{A877A219-0287-42ED-9163-E2F26A58A2ED}.Debug|Any CPU.ActiveCfg = Debug|Any CPU
		{A877A219-0287-42ED-9163-E2F26A58A2ED}.Debug|Any CPU.Build.0 = Debug|Any CPU
		{A877A219-0287-42ED-9163-E2F26A58A2ED}.Release|Any CPU.ActiveCfg = Release|Any CPU
		{A877A219-0287-42ED-9163-E2F26A58A2ED}.Release|Any CPU.Build.0 = Release|Any CPU
		{919A47CE-02E4-41D8-9134-93648AD4936E}.Debug|Any CPU.ActiveCfg = Debug|Any CPU
		{919A47CE-02E4-41D8-9134-93648AD4936E}.Debug|Any CPU.Build.0 = Debug|Any CPU
		{919A47CE-02E4-41D8-9134-93648AD4936E}.Release|Any CPU.ActiveCfg = Release|Any CPU
		{919A47CE-02E4-41D8-9134-93648AD4936E}.Release|Any CPU.Build.0 = Release|Any CPU
		{FB23B876-76E6-4D3B-8493-4ADAA3C5B7DC}.Debug|Any CPU.ActiveCfg = Debug|Any CPU
		{FB23B876-76E6-4D3B-8493-4ADAA3C5B7DC}.Debug|Any CPU.Build.0 = Debug|Any CPU
		{FB23B876-76E6-4D3B-8493-4ADAA3C5B7DC}.Release|Any CPU.ActiveCfg = Release|Any CPU
		{FB23B876-76E6-4D3B-8493-4ADAA3C5B7DC}.Release|Any CPU.Build.0 = Release|Any CPU
	EndGlobalSection
	GlobalSection(SolutionProperties) = preSolution
		HideSolutionNode = FALSE
	EndGlobalSection
	GlobalSection(ExtensibilityGlobals) = postSolution
		SolutionGuid = {1AE2B3DB-C331-4469-BCE8-A6FA00A1A30B}
	EndGlobalSection
EndGlobal
